{
  "name": "study-anything",
  "version": "0.1.0",
  "lockfileVersion": 3,
  "requires": true,
  "packages": {
    "": {
      "name": "study-anything",
      "version": "0.1.0",
      "license": "MIT",
      "bin": {
        "study-anything": "bin/study-anything.js"
      },
      "engines": {
        "node": ">=18"
      }
    }
  }
}
